
Microsoft Visual Studio Solution File, Format Version 12.00
# Visual Studio Version 16
VisualStudioVersion = 16.0.33801.447
MinimumVisualStudioVersion = 10.0.40219.1
Project("{8BC9CEB8-8B4A-11D0-8D11-00A0C91BC942}") = "Ajedrez_prueba", "Ajedrez_prueba.vcxproj", "{7D54BA32-9E55-4C1A-99CF-0E788D9EF38C}"
EndProject
Global
	GlobalSection(SolutionConfigurationPlatforms) = preSolution
		Debug|x64 = Debug|x64
		Debug|x86 = Debug|x86
		Release|x64 = Release|x64
		Release|x86 = Release|x86
	EndGlobalSection
	GlobalSection(ProjectConfigurationPlatforms) = postSolution
		{7D54BA32-9E55-4C1A-99CF-0E788D9EF38C}.Debug|x64.ActiveCfg = Debug|x64
		{7D54BA32-9E55-4C1A-99CF-0E788D9EF38C}.Debug|x64.Build.0 = Debug|x64
		{7D54BA32-9E55-4C1A-99CF-0E788D9EF38C}.Debug|x86.ActiveCfg = Debug|Win32
		{7D54BA32-9E55-4C1A-99CF-0E788D9EF38C}.Debug|x86.Build.0 = Debug|Win32
		{7D54BA32-9E55-4C1A-99CF-0E788D9EF38C}.Release|x64.ActiveCfg = Release|x64
		{7D54BA32-9E55-4C1A-99CF-0E788D9EF38C}.Release|x64.Build.0 = Release|x64
		{7D54BA32-9E55-4C1A-99CF-0E788D9EF38C}.Release|x86.ActiveCfg = Release|Win32
		{7D54BA32-9E55-4C1A-99CF-0E788D9EF38C}.Release|x86.Build.0 = Release|Win32
	EndGlobalSection
	GlobalSection(SolutionProperties) = preSolution
		HideSolutionNode = FALSE
	EndGlobalSection
	GlobalSection(ExtensibilityGlobals) = postSolution
		SolutionGuid = {1412A16F-1184-461A-8195-438B736F69A4}
	EndGlobalSection
EndGlobal
